{
  "name": "testnpm",
  "version": "1.0.0",
  "lockfileVersion": 1,
  "requires": true,
  "dependencies": {
    "random-function-redjjj": {
      "version": "1.0.0",
      "resolved": "https://registry.npmjs.org/random-function-redjjj/-/random-function-redjjj-1.0.0.tgz",
      "integrity": "sha512-9P3sUxu4cdXsBBkHf0EBOejEbEVzjxJwX3a3iRc5UX9/3dUBR+VQMbFgVYAe94bp+TZKL1FXk1TrHC0Q8JhuZw==",
      "dev": true
    }
  }
}
